// !$*UTF8*$!
{
	archiveVersion = 1;
	classes = {
	};
	objectVersion = 46;
	objects = {

/* Begin PBXBuildFile section */
		B10739701E80B95C0050ABA9 /* AppDelegate.swift in Sources */ = {isa = PBXBuildFile; fileRef = B107396F1E80B95C0050ABA9 /* AppDelegate.swift */; };
		B10739721E80B95C0050ABA9 /* ViewController.swift in Sources */ = {isa = PBXBuildFile; fileRef = B10739711E80B95C0050ABA9 /* ViewController.swift */; };
		B10739751E80B95C0050ABA9 /* Main.storyboard in Resources */ = {isa = PBXBuildFile; fileRef = B10739731E80B95C0050ABA9 /* Main.storyboard */; };
		B10739771E80B95C0050ABA9 /* Assets.xcassets in Resources */ = {isa = PBXBuildFile; fileRef = B10739761E80B95C0050ABA9 /* Assets.xcassets */; };
		B107397A1E80B95C0050ABA9 /* LaunchScreen.storyboard in Resources */ = {isa = PBXBuildFile; fileRef = B10739781E80B95C0050ABA9 /* LaunchScreen.storyboard */; };
/* End PBXBuildFile section */

/* Begin PBXFileReference section */
		B107396C1E80B95C0050ABA9 /* LearingXcode.app */ = {isa = PBXFileReference; explicitFileType = wrapper.application; includeInIndex = 0; path = LearingXcode.app; sourceTree = BUILT_PRODUCTS_DIR; };
		B107396F1E80B95C0050ABA9 /* AppDelegate.swift */ = {isa = PBXFileReference; lastKnownFileType = sourcecode.swift; path = AppDelegate.swift; sourceTree = "<group>"; };
		B10739711E80B95C0050ABA9 /* ViewController.swift */ = {isa = PBXFileReference; lastKnownFileType = sourcecode.swift; path = ViewController.swift; sourceTree = "<group>"; };
		B10739741E80B95C0050ABA9 /* Base */ = {isa = PBXFileReference; lastKnownFileType = file.storyboard; name = Base; path = Base.lproj/Main.storyboard; sourceTree = "<group>"; };
		B10739761E80B95C0050ABA9 /* Assets.xcassets */ = {isa = PBXFileReference; lastKnownFileType = folder.assetcatalog; path = Assets.xcassets; sourceTree = "<group>"; };
		B10739791E80B95C0050ABA9 /* Base */ = {isa = PBXFileReference; lastKnownFileType = file.storyboard; name = Base; path = Base.lproj/LaunchScreen.storyboard; sourceTree = "<group>"; };
		B107397B1E80B95C0050ABA9 /* Info.plist */ = {isa = PBXFileReference; lastKnownFileType = text.plist.xml; path = Info.plist; sourceTree = "<group>"; };
/* End PBXFileReference section */

/* Begin PBXFrameworksBuildPhase section */
		B10739691E80B95C0050ABA9 /* Frameworks */ = {
			isa = PBXFrameworksBuildPhase;
			buildActionMask = 2147483647;
			files = (
			);
			runOnlyForDeploymentPostprocessing = 0;
		};
/* End PBXFrameworksBuildPhase section */

/* Begin PBXGroup section */
		B10739631E80B95C0050ABA9 = {
			isa = PBXGroup;
			children = (
				B107396E1E80B95C0050ABA9 /* LearingXcode */,
				B107396D1E80B95C0050ABA9 /* Products */,
			);
			sourceTree = "<group>";
		};
		B107396D1E80B95C0050ABA9 /* Products */ = {
			isa = PBXGroup;
			children = (
				B107396C1E80B95C0050ABA9 /* LearingXcode.app */,
			);
			name = Products;
			sourceTree = "<group>";
		};
		B107396E1E80B95C0050ABA9 /* LearingXcode */ = {
			isa = PBXGroup;
			children = (
				B107396F1E80B95C0050ABA9 /* AppDelegate.swift */,
				B10739711E80B95C0050ABA9 /* ViewController.swift */,
				B10739731E80B95C0050ABA9 /* Main.storyboard */,
				B10739761E80B95C0050ABA9 /* Assets.xcassets */,
				B10739781E80B95C0050ABA9 /* LaunchScreen.storyboard */,
				B107397B1E80B95C0050ABA9 /* Info.plist */,
			);
			path = LearingXcode;
			sourceTree = "<group>";
		};
/* End PBXGroup section */

/* Begin PBXNativeTarget section */
		B107396B1E80B95C0050ABA9 /* LearingXcode */ = {
			isa = PBXNativeTarget;
			buildConfigurationList = B107397E1E80B95C0050ABA9 /* Build configuration list for PBXNativeTarget "LearingXcode" */;
			buildPhases = (
				B10739681E80B95C0050ABA9 /* Sources */,
				B10739691E80B95C0050ABA9 /* Frameworks */,
				B107396A1E80B95C0050ABA9 /* Resources */,
			);
			buildRules = (
			);
			dependencies = (
			);
			name = LearingXcode;
			productName = LearingXcode;
			productReference = B107396C1E80B95C0050ABA9 /* LearingXcode.app */;
			productType = "com.apple.product-type.application";
		};
/* End PBXNativeTarget section */

/* Begin PBXProject section */
		B10739641E80B95C0050ABA9 /* Project object */ = {
			isa = PBXProject;
			attributes = {
				LastSwiftUpdateCheck = 0820;
				LastUpgradeCheck = 0820;
				ORGANIZATIONNAME = "洛佳男";
				TargetAttributes = {
					B107396B1E80B95C0050ABA9 = {
						CreatedOnToolsVersion = 8.2.1;
						DevelopmentTeam = 5A63JDS595;
						ProvisioningStyle = Automatic;
					};
				};
			};
			buildConfigurationList = B10739671E80B95C0050ABA9 /* Build configuration list for PBXProject "LearingXcode" */;
			compatibilityVersion = "Xcode 3.2";
			developmentRegion = English;
			hasScannedForEncodings = 0;
			knownRegions = (
				en,
				Base,
			);
			mainGroup = B10739631E80B95C0050ABA9;
			productRefGroup = B107396D1E80B95C0050ABA9 /* Products */;
			projectDirPath = "";
			projectRoot = "";
			targets = (
				B107396B1E80B95C0050ABA9 /* LearingXcode */,
			);
		};
/* End PBXProject section */

/* Begin PBXResourcesBuildPhase section */
		B107396A1E80B95C0050ABA9 /* Resources */ = {
			isa = PBXResourcesBuildPhase;
			buildActionMask = 2147483647;
			files = (
				B107397A1E80B95C0050ABA9 /* LaunchScreen.storyboard in Resources */,
				B10739771E80B95C0050ABA9 /* Assets.xcassets in Resources */,
				B10739751E80B95C0050ABA9 /* Main.storyboard in Resources */,
			);
			runOnlyForDeploymentPostprocessing = 0;
		};
/* End PBXResourcesBuildPhase section */

/* Begin PBXSourcesBuildPhase section */
		B10739681E80B95C0050ABA9 /* Sources */ = {
			isa = PBXSourcesBuildPhase;
			buildActionMask = 2147483647;
			files = (
				B10739721E80B95C0050ABA9 /* ViewController.swift in Sources */,
				B10739701E80B95C0050ABA9 /* AppDelegate.swift in Sources */,
			);
			runOnlyForDeploymentPostprocessing = 0;
		};
/* End PBXSourcesBuildPhase section */

/* Begin PBXVariantGroup section */
		B10739731E80B95C0050ABA9 /* Main.storyboard */ = {
			isa = PBXVariantGroup;
			children = (
				B10739741E80B95C0050ABA9 /* Base */,
			);
			name = Main.storyboard;
			sourceTree = "<group>";
		};
		B10739781E80B95C0050ABA9 /* LaunchScreen.storyboard */ = {
			isa = PBXVariantGroup;
			children = (
				B10739791E80B95C0050ABA9 /* Base */,
			);
			name = LaunchScreen.storyboard;
			sourceTree = "<group>";
		};
/* End PBXVariantGroup section */

/* Begin XCBuildConfiguration section */
		B107397C1E80B95C0050ABA9 /* Debug */ = {
			isa = XCBuildConfiguration;
			buildSettings = {
				ALWAYS_SEARCH_USER_PATHS = NO;
				CLANG_ANALYZER_NONNULL = YES;
				CLANG_CXX_LANGUAGE_STANDARD = "gnu++0x";
				CLANG_CXX_LIBRARY = "libc++";
				CLANG_ENABLE_MODULES = YES;
				CLANG_ENABLE_OBJC_ARC = YES;
				CLANG_WARN_BOOL_CONVERSION = YES;
				CLANG_WARN_CONSTANT_CONVERSION = YES;
				CLANG_WARN_DIRECT_OBJC_ISA_USAGE = YES_ERROR;
				CLANG_WARN_DOCUMENTATION_COMMENTS = YES;
				CLANG_WARN_EMPTY_BODY = YES;
				CLANG_WARN_ENUM_CONVERSION = YES;
				CLANG_WARN_INFINITE_RECURSION = YES;
				CLANG_WARN_INT_CONVERSION = YES;
				CLANG_WARN_OBJC_ROOT_CLASS = YES_ERROR;
				CLANG_WARN_SUSPICIOUS_MOVE = YES;
				CLANG_WARN_UNREACHABLE_CODE = YES;
				CLANG_WARN__DUPLICATE_METHOD_MATCH = YES;
				"CODE_SIGN_IDENTITY[sdk=iphoneos*]" = "iPhone Developer";
				COPY_PHASE_STRIP = NO;
				DEBUG_INFORMATION_FORMAT = dwarf;
				ENABLE_STRICT_OBJC_MSGSEND = YES;
				ENABLE_TESTABILITY = YES;
				GCC_C_LANGUAGE_STANDARD = gnu99;
				GCC_DYNAMIC_NO_PIC = NO;
				GCC_NO_COMMON_BLOCKS = YES;
				GCC_OPTIMIZATION_LEVEL = 0;
				GCC_PREPROCESSOR_DEFINITIONS = (
					"DEBUG=1",
					"$(inherited)",
				);
				GCC_WARN_64_TO_32_BIT_CONVERSION = YES;
				GCC_WARN_ABOUT_RETURN_TYPE = YES_ERROR;
				GCC_WARN_UNDECLARED_SELECTOR = YES;
				GCC_WARN_UNINITIALIZED_AUTOS = YES_AGGRESSIVE;
				GCC_WARN_UNUSED_FUNCTION = YES;
				GCC_WARN_UNUSED_VARIABLE = YES;
				IPHONEOS_DEPLOYMENT_TARGET = 10.2;
				MTL_ENABLE_DEBUG_INFO = YES;
				ONLY_ACTIVE_ARCH = YES;
				SDKROOT = iphoneos;
				SWIFT_ACTIVE_COMPILATION_CONDITIONS = DEBUG;
				SWIFT_OPTIMIZATION_LEVEL = "-Onone";
				TARGETED_DEVICE_FAMILY = "1,2";
			};
			name = Debug;
		};
		B107397D1E80B95C0050ABA9 /* Release */ = {
			isa = XCBuildConfiguration;
			buildSettings = {
				ALWAYS_SEARCH_USER_PATHS = NO;
				CLANG_ANALYZER_NONNULL = YES;
				CLANG_CXX_LANGUAGE_STANDARD = "gnu++0x";
				CLANG_CXX_LIBRARY = "libc++";
				CLANG_ENABLE_MODULES = YES;
				CLANG_ENABLE_OBJC_ARC = YES;
				CLANG_WARN_BOOL_CONVERSION = YES;
				CLANG_WARN_CONSTANT_CONVERSION = YES;
				CLANG_WARN_DIRECT_OBJC_ISA_USAGE = YES_ERROR;
				CLANG_WARN_DOCUMENTATION_COMMENTS = YES;
				CLANG_WARN_EMPTY_BODY = YES;
				CLANG_WARN_ENUM_CONVERSION = YES;
				CLANG_WARN_INFINITE_RECURSION = YES;
				CLANG_WARN_INT_CONVERSION = YES;
				CLANG_WARN_OBJC_ROOT_CLASS = YES_ERROR;
				CLANG_WARN_SUSPICIOUS_MOVE = YES;
				CLANG_WARN_UNREACHABLE_CODE = YES;
				CLANG_WARN__DUPLICATE_METHOD_MATCH = YES;
				"CODE_SIGN_IDENTITY[sdk=iphoneos*]" = "iPhone Developer";
				COPY_PHASE_STRIP = NO;
				DEBUG_INFORMATION_FORMAT = "dwarf-with-dsym";
				ENABLE_NS_ASSERTIONS = NO;
				ENABLE_STRICT_OBJC_MSGSEND = YES;
				GCC_C_LANGUAGE_STANDARD = gnu99;
				GCC_NO_COMMON_BLOCKS = YES;
				GCC_WARN_64_TO_32_BIT_CONVERSION = YES;
				GCC_WARN_ABOUT_RETURN_TYPE = YES_ERROR;
				GCC_WARN_UNDECLARED_SELECTOR = YES;
				GCC_WARN_UNINITIALIZED_AUTOS = YES_AGGRESSIVE;
				GCC_WARN_UNUSED_FUNCTION = YES;
				GCC_WARN_UNUSED_VARIABLE = YES;
				IPHONEOS_DEPLOYMENT_TARGET = 10.2;
				MTL_ENABLE_DEBUG_INFO = NO;
				SDKROOT = iphoneos;
				SWIFT_OPTIMIZATION_LEVEL = "-Owholemodule";
				TARGETED_DEVICE_FAMILY = "1,2";
				VALIDATE_PRODUCT = YES;
			};
			name = Release;
		};
		B107397F1E80B95C0050ABA9 /* Debug */ = {
			isa = XCBuildConfiguration;
			buildSettings = {
				ASSETCATALOG_COMPILER_APPICON_NAME = AppIcon;
				DEVELOPMENT_TEAM = 5A63JDS595;
				INFOPLIST_FILE = LearingXcode/Info.plist;
				LD_RUNPATH_SEARCH_PATHS = "$(inherited) @executable_path/Frameworks";
				PRODUCT_BUNDLE_IDENTIFIER = luo.com.LearingXcode;
				PRODUCT_NAME = "$(TARGET_NAME)";
				SWIFT_VERSION = 3.0;
			};
			name = Debug;
		};
		B10739801E80B95C0050ABA9 /* Release */ = {
			isa = XCBuildConfiguration;
			buildSettings = {
				ASSETCATALOG_COMPILER_APPICON_NAME = AppIcon;
				DEVELOPMENT_TEAM = 5A63JDS595;
				INFOPLIST_FILE = LearingXcode/Info.plist;
				LD_RUNPATH_SEARCH_PATHS = "$(inherited) @executable_path/Frameworks";
				PRODUCT_BUNDLE_IDENTIFIER = luo.com.LearingXcode;
				PRODUCT_NAME = "$(TARGET_NAME)";
				SWIFT_VERSION = 3.0;
			};
			name = Release;
		};
/* End XCBuildConfiguration section */

/* Begin XCConfigurationList section */
		B10739671E80B95C0050ABA9 /* Build configuration list for PBXProject "LearingXcode" */ = {
			isa = XCConfigurationList;
			buildConfigurations = (
				B107397C1E80B95C0050ABA9 /* Debug */,
				B107397D1E80B95C0050ABA9 /* Release */,
			);
			defaultConfigurationIsVisible = 0;
			defaultConfigurationName = Release;
		};
		B107397E1E80B95C0050ABA9 /* Build configuration list for PBXNativeTarget "LearingXcode" */ = {
			isa = XCConfigurationList;
			buildConfigurations = (
				B107397F1E80B95C0050ABA9 /* Debug */,
				B10739801E80B95C0050ABA9 /* Release */,
			);
			defaultConfigurationIsVisible = 0;
		};
/* End XCConfigurationList section */
	};
	rootObject = B10739641E80B95C0050ABA9 /* Project object */;
}
